
Microsoft Visual Studio Solution File, Format Version 12.00
# Visual Studio Version 17
VisualStudioVersion = 17.9.34728.123
MinimumVisualStudioVersion = 10.0.40219.1
Project("{9A19103F-16F7-4668-BE54-9A1E7A4F7556}") = "BulkyWeb", "BulkyWeb\BulkyWeb.csproj", "{67AB1690-2ADD-4492-9278-4C2AFED6E477}"
EndProject
Project("{FAE04EC0-301F-11D3-BF4B-00C04F79EFBC}") = "BulkyWebRazor_Temp", "BulkyWebRazor_Temp\BulkyWebRazor_Temp.csproj", "{3BFD657F-331B-46F2-8912-10E3901FA5DB}"
EndProject
Project("{FAE04EC0-301F-11D3-BF4B-00C04F79EFBC}") = "Bulky.DataAccess", "Bulky.DataAccess\Bulky.DataAccess.csproj", "{DD216991-18BE-44D3-BC04-BE8B3F65BB38}"
EndProject
Project("{FAE04EC0-301F-11D3-BF4B-00C04F79EFBC}") = "Bulky.Models", "Bulky.Models\Bulky.Models.csproj", "{44545C8D-D2E7-4D63-B715-2C2F24468F05}"
EndProject
Project("{FAE04EC0-301F-11D3-BF4B-00C04F79EFBC}") = "Bulky.Utility", "Bulky.Utility\Bulky.Utility.csproj", "{AB595B42-1008-429A-82B4-3CCCA5DE1267}"
EndProject
Global
	GlobalSection(SolutionConfigurationPlatforms) = preSolution
		Debug|Any CPU = Debug|Any CPU
		Release|Any CPU = Release|Any CPU
	EndGlobalSection
	GlobalSection(ProjectConfigurationPlatforms) = postSolution
		{67AB1690-2ADD-4492-9278-4C2AFED6E477}.Debug|Any CPU.ActiveCfg = Debug|Any CPU
		{67AB1690-2ADD-4492-9278-4C2AFED6E477}.Debug|Any CPU.Build.0 = Debug|Any CPU
		{67AB1690-2ADD-4492-9278-4C2AFED6E477}.Release|Any CPU.ActiveCfg = Release|Any CPU
		{67AB1690-2ADD-4492-9278-4C2AFED6E477}.Release|Any CPU.Build.0 = Release|Any CPU
		{3BFD657F-331B-46F2-8912-10E3901FA5DB}.Debug|Any CPU.ActiveCfg = Debug|Any CPU
		{3BFD657F-331B-46F2-8912-10E3901FA5DB}.Debug|Any CPU.Build.0 = Debug|Any CPU
		{3BFD657F-331B-46F2-8912-10E3901FA5DB}.Release|Any CPU.ActiveCfg = Release|Any CPU
		{3BFD657F-331B-46F2-8912-10E3901FA5DB}.Release|Any CPU.Build.0 = Release|Any CPU
		{DD216991-18BE-44D3-BC04-BE8B3F65BB38}.Debug|Any CPU.ActiveCfg = Debug|Any CPU
		{DD216991-18BE-44D3-BC04-BE8B3F65BB38}.Debug|Any CPU.Build.0 = Debug|Any CPU
		{DD216991-18BE-44D3-BC04-BE8B3F65BB38}.Release|Any CPU.ActiveCfg = Release|Any CPU
		{DD216991-18BE-44D3-BC04-BE8B3F65BB38}.Release|Any CPU.Build.0 = Release|Any CPU
		{44545C8D-D2E7-4D63-B715-2C2F24468F05}.Debug|Any CPU.ActiveCfg = Debug|Any CPU
		{44545C8D-D2E7-4D63-B715-2C2F24468F05}.Debug|Any CPU.Build.0 = Debug|Any CPU
		{44545C8D-D2E7-4D63-B715-2C2F24468F05}.Release|Any CPU.ActiveCfg = Release|Any CPU
		{44545C8D-D2E7-4D63-B715-2C2F24468F05}.Release|Any CPU.Build.0 = Release|Any CPU
		{AB595B42-1008-429A-82B4-3CCCA5DE1267}.Debug|Any CPU.ActiveCfg = Debug|Any CPU
		{AB595B42-1008-429A-82B4-3CCCA5DE1267}.Debug|Any CPU.Build.0 = Debug|Any CPU
		{AB595B42-1008-429A-82B4-3CCCA5DE1267}.Release|Any CPU.ActiveCfg = Release|Any CPU
		{AB595B42-1008-429A-82B4-3CCCA5DE1267}.Release|Any CPU.Build.0 = Release|Any CPU
	EndGlobalSection
	GlobalSection(SolutionProperties) = preSolution
		HideSolutionNode = FALSE
	EndGlobalSection
	GlobalSection(ExtensibilityGlobals) = postSolution
		SolutionGuid = {5C14C8CC-1792-4DEE-8394-113DF52AC09C}
	EndGlobalSection
EndGlobal
